
Microsoft Visual Studio Solution File, Format Version 12.00
# Visual Studio Version 16
VisualStudioVersion = 16.0.28803.202
MinimumVisualStudioVersion = 10.0.40219.1
Project("{FAE04EC0-301F-11D3-BF4B-00C04F79EFBC}") = "Core", "Business\Core.csproj", "{D70B7135-9867-4A3E-9F7E-B97C34514702}"
EndProject
Project("{FAE04EC0-301F-11D3-BF4B-00C04F79EFBC}") = "Datahandler", "Data\Datahandler.csproj", "{F1A84ECE-68D3-4F35-BBB9-18D433979338}"
EndProject
Project("{FAE04EC0-301F-11D3-BF4B-00C04F79EFBC}") = "UI", "UI\UI.csproj", "{DF9093CE-2C73-45EB-A589-779144EF8E07}"
EndProject
Global
	GlobalSection(SolutionConfigurationPlatforms) = preSolution
		Debug|Any CPU = Debug|Any CPU
		Release|Any CPU = Release|Any CPU
	EndGlobalSection
	GlobalSection(ProjectConfigurationPlatforms) = postSolution
		{D70B7135-9867-4A3E-9F7E-B97C34514702}.Debug|Any CPU.ActiveCfg = Debug|Any CPU
		{D70B7135-9867-4A3E-9F7E-B97C34514702}.Debug|Any CPU.Build.0 = Debug|Any CPU
		{D70B7135-9867-4A3E-9F7E-B97C34514702}.Release|Any CPU.ActiveCfg = Release|Any CPU
		{D70B7135-9867-4A3E-9F7E-B97C34514702}.Release|Any CPU.Build.0 = Release|Any CPU
		{F1A84ECE-68D3-4F35-BBB9-18D433979338}.Debug|Any CPU.ActiveCfg = Debug|Any CPU
		{F1A84ECE-68D3-4F35-BBB9-18D433979338}.Debug|Any CPU.Build.0 = Debug|Any CPU
		{F1A84ECE-68D3-4F35-BBB9-18D433979338}.Release|Any CPU.ActiveCfg = Release|Any CPU
		{F1A84ECE-68D3-4F35-BBB9-18D433979338}.Release|Any CPU.Build.0 = Release|Any CPU
		{DF9093CE-2C73-45EB-A589-779144EF8E07}.Debug|Any CPU.ActiveCfg = Debug|Any CPU
		{DF9093CE-2C73-45EB-A589-779144EF8E07}.Debug|Any CPU.Build.0 = Debug|Any CPU
		{DF9093CE-2C73-45EB-A589-779144EF8E07}.Release|Any CPU.ActiveCfg = Release|Any CPU
		{DF9093CE-2C73-45EB-A589-779144EF8E07}.Release|Any CPU.Build.0 = Release|Any CPU
	EndGlobalSection
	GlobalSection(SolutionProperties) = preSolution
		HideSolutionNode = FALSE
	EndGlobalSection
	GlobalSection(ExtensibilityGlobals) = postSolution
		SolutionGuid = {5331D32C-248D-4C63-9349-7948D401C8C1}
	EndGlobalSection
EndGlobal
