
Microsoft Visual Studio Solution File, Format Version 12.00
# Visual Studio Version 16
VisualStudioVersion = 16.0.29009.5
MinimumVisualStudioVersion = 10.0.40219.1
Project("{FAE04EC0-301F-11D3-BF4B-00C04F79EFBC}") = "MVC Crud", "MVC Crud\MVC Crud.csproj", "{7232ED56-45EB-43FF-81AE-E19B5F998BA1}"
EndProject
Project("{FAE04EC0-301F-11D3-BF4B-00C04F79EFBC}") = "Database", "Database\Database.csproj", "{BD3EA714-6B06-4F01-A457-97A646B7E9B0}"
EndProject
Project("{FAE04EC0-301F-11D3-BF4B-00C04F79EFBC}") = "Business", "Business\Business.csproj", "{410CD138-14B5-419A-85FD-0F4679B93F2B}"
EndProject
Global
	GlobalSection(SolutionConfigurationPlatforms) = preSolution
		Debug|Any CPU = Debug|Any CPU
		Release|Any CPU = Release|Any CPU
	EndGlobalSection
	GlobalSection(ProjectConfigurationPlatforms) = postSolution
		{7232ED56-45EB-43FF-81AE-E19B5F998BA1}.Debug|Any CPU.ActiveCfg = Debug|Any CPU
		{7232ED56-45EB-43FF-81AE-E19B5F998BA1}.Debug|Any CPU.Build.0 = Debug|Any CPU
		{7232ED56-45EB-43FF-81AE-E19B5F998BA1}.Release|Any CPU.ActiveCfg = Release|Any CPU
		{7232ED56-45EB-43FF-81AE-E19B5F998BA1}.Release|Any CPU.Build.0 = Release|Any CPU
		{BD3EA714-6B06-4F01-A457-97A646B7E9B0}.Debug|Any CPU.ActiveCfg = Debug|Any CPU
		{BD3EA714-6B06-4F01-A457-97A646B7E9B0}.Debug|Any CPU.Build.0 = Debug|Any CPU
		{BD3EA714-6B06-4F01-A457-97A646B7E9B0}.Release|Any CPU.ActiveCfg = Release|Any CPU
		{BD3EA714-6B06-4F01-A457-97A646B7E9B0}.Release|Any CPU.Build.0 = Release|Any CPU
		{410CD138-14B5-419A-85FD-0F4679B93F2B}.Debug|Any CPU.ActiveCfg = Debug|Any CPU
		{410CD138-14B5-419A-85FD-0F4679B93F2B}.Debug|Any CPU.Build.0 = Debug|Any CPU
		{410CD138-14B5-419A-85FD-0F4679B93F2B}.Release|Any CPU.ActiveCfg = Release|Any CPU
		{410CD138-14B5-419A-85FD-0F4679B93F2B}.Release|Any CPU.Build.0 = Release|Any CPU
	EndGlobalSection
	GlobalSection(SolutionProperties) = preSolution
		HideSolutionNode = FALSE
	EndGlobalSection
	GlobalSection(ExtensibilityGlobals) = postSolution
		SolutionGuid = {7ABC7E98-9CF7-46AF-A59B-8B78510CE673}
	EndGlobalSection
EndGlobal
